{
  "name": "nautilusjs",
  "version": "0.0.6",
  "lockfileVersion": 1,
  "requires": true,
  "dependencies": {
    "mocha-phantomjs-core": {
      "version": "2.1.2",
      "resolved": "https://registry.npmjs.org/mocha-phantomjs-core/-/mocha-phantomjs-core-2.1.2.tgz",
      "integrity": "sha1-hszADa9OtwE3RarsL1SZe9ayS70=",
      "dev": true
    }
  }
}
